// !$*UTF8*$!
{
	archiveVersion = 1;
	classes = {
	};
	objectVersion = 56;
	objects = {

/* Begin PBXBuildFile section */
		BE22F8B82CC7B8B80074D967 /* Rick_MortyApp.swift in Sources */ = {isa = PBXBuildFile; fileRef = BE22F8B72CC7B8B80074D967 /* Rick_MortyApp.swift */; };
		BE22F8BC2CC7B8B90074D967 /* Assets.xcassets in Resources */ = {isa = PBXBuildFile; fileRef = BE22F8BB2CC7B8B90074D967 /* Assets.xcassets */; };
		BE22F8BF2CC7B8B90074D967 /* Preview Assets.xcassets in Resources */ = {isa = PBXBuildFile; fileRef = BE22F8BE2CC7B8B90074D967 /* Preview Assets.xcassets */; };
		BE22F8C92CC7B8B90074D967 /* Rick_MortyTests.swift in Sources */ = {isa = PBXBuildFile; fileRef = BE22F8C82CC7B8B90074D967 /* Rick_MortyTests.swift */; };
		BE22F8D32CC7B8BA0074D967 /* Rick_MortyUITests.swift in Sources */ = {isa = PBXBuildFile; fileRef = BE22F8D22CC7B8BA0074D967 /* Rick_MortyUITests.swift */; };
		BE22F8D52CC7B8BA0074D967 /* Rick_MortyUITestsLaunchTests.swift in Sources */ = {isa = PBXBuildFile; fileRef = BE22F8D42CC7B8BA0074D967 /* Rick_MortyUITestsLaunchTests.swift */; };
		BE22F8E72CC7CF2E0074D967 /* Character.swift in Sources */ = {isa = PBXBuildFile; fileRef = BE22F8E62CC7CF2E0074D967 /* Character.swift */; };
		BE22F8E92CC7CF7B0074D967 /* CharactersViewModal.swift in Sources */ = {isa = PBXBuildFile; fileRef = BE22F8E82CC7CF7B0074D967 /* CharactersViewModal.swift */; };
		BE22F8EB2CC7CFB90074D967 /* AppCoordinator.swift in Sources */ = {isa = PBXBuildFile; fileRef = BE22F8EA2CC7CFB90074D967 /* AppCoordinator.swift */; };
		BE22F8ED2CC7D6710074D967 /* CharactersListView.swift in Sources */ = {isa = PBXBuildFile; fileRef = BE22F8EC2CC7D6710074D967 /* CharactersListView.swift */; };
		BE22F8EF2CC7D6910074D967 /* CharacterDetailView.swift in Sources */ = {isa = PBXBuildFile; fileRef = BE22F8EE2CC7D6910074D967 /* CharacterDetailView.swift */; };
		BE22F8F12CC7D7300074D967 /* CoordinatorView.swift in Sources */ = {isa = PBXBuildFile; fileRef = BE22F8F02CC7D7300074D967 /* CoordinatorView.swift */; };
		BE22F8F52CC819370074D967 /* Network.swift in Sources */ = {isa = PBXBuildFile; fileRef = BE22F8F22CC819370074D967 /* Network.swift */; };
		BE22F8F62CC819370074D967 /* NetworkError.swift in Sources */ = {isa = PBXBuildFile; fileRef = BE22F8F32CC819370074D967 /* NetworkError.swift */; };
		BE22F8FB2CC819410074D967 /* ResponseHandler.swift in Sources */ = {isa = PBXBuildFile; fileRef = BE22F8F82CC819410074D967 /* ResponseHandler.swift */; };
		BE22F8FD2CC82BB30074D967 /* CharacterService.swift in Sources */ = {isa = PBXBuildFile; fileRef = BE22F8FC2CC82BB30074D967 /* CharacterService.swift */; };
		BE22F9012CC834C20074D967 /* ServiceResponse.swift in Sources */ = {isa = PBXBuildFile; fileRef = BE22F9002CC834C20074D967 /* ServiceResponse.swift */; };
		BE22F9032CC8EA4A0074D967 /* CharacterRowView.swift in Sources */ = {isa = PBXBuildFile; fileRef = BE22F9022CC8EA4A0074D967 /* CharacterRowView.swift */; };
		BE22F9062CC9146E0074D967 /* RequestConstants.swift in Sources */ = {isa = PBXBuildFile; fileRef = BE22F9052CC9146E0074D967 /* RequestConstants.swift */; };
		BE22F9082CC91CC60074D967 /* LoadingView.swift in Sources */ = {isa = PBXBuildFile; fileRef = BE22F9072CC91CC60074D967 /* LoadingView.swift */; };
		BE22F90B2CC91D010074D967 /* ErrorView.swift in Sources */ = {isa = PBXBuildFile; fileRef = BE22F90A2CC91D010074D967 /* ErrorView.swift */; };
/* End PBXBuildFile section */

/* Begin PBXContainerItemProxy section */
		BE22F8C52CC7B8B90074D967 /* PBXContainerItemProxy */ = {
			isa = PBXContainerItemProxy;
			containerPortal = BE22F8AC2CC7B8B80074D967 /* Project object */;
			proxyType = 1;
			remoteGlobalIDString = BE22F8B32CC7B8B80074D967;
			remoteInfo = "Rick&Morty";
		};
		BE22F8CF2CC7B8BA0074D967 /* PBXContainerItemProxy */ = {
			isa = PBXContainerItemProxy;
			containerPortal = BE22F8AC2CC7B8B80074D967 /* Project object */;
			proxyType = 1;
			remoteGlobalIDString = BE22F8B32CC7B8B80074D967;
			remoteInfo = "Rick&Morty";
		};
/* End PBXContainerItemProxy section */

/* Begin PBXFileReference section */
		BE22F8B42CC7B8B80074D967 /* Rick&Morty.app */ = {isa = PBXFileReference; explicitFileType = wrapper.application; includeInIndex = 0; path = "Rick&Morty.app"; sourceTree = BUILT_PRODUCTS_DIR; };
		BE22F8B72CC7B8B80074D967 /* Rick_MortyApp.swift */ = {isa = PBXFileReference; lastKnownFileType = sourcecode.swift; path = Rick_MortyApp.swift; sourceTree = "<group>"; };
		BE22F8BB2CC7B8B90074D967 /* Assets.xcassets */ = {isa = PBXFileReference; lastKnownFileType = folder.assetcatalog; path = Assets.xcassets; sourceTree = "<group>"; };
		BE22F8BE2CC7B8B90074D967 /* Preview Assets.xcassets */ = {isa = PBXFileReference; lastKnownFileType = folder.assetcatalog; path = "Preview Assets.xcassets"; sourceTree = "<group>"; };
		BE22F8C42CC7B8B90074D967 /* Rick&MortyTests.xctest */ = {isa = PBXFileReference; explicitFileType = wrapper.cfbundle; includeInIndex = 0; path = "Rick&MortyTests.xctest"; sourceTree = BUILT_PRODUCTS_DIR; };
		BE22F8C82CC7B8B90074D967 /* Rick_MortyTests.swift */ = {isa = PBXFileReference; lastKnownFileType = sourcecode.swift; path = Rick_MortyTests.swift; sourceTree = "<group>"; };
		BE22F8CE2CC7B8BA0074D967 /* Rick&MortyUITests.xctest */ = {isa = PBXFileReference; explicitFileType = wrapper.cfbundle; includeInIndex = 0; path = "Rick&MortyUITests.xctest"; sourceTree = BUILT_PRODUCTS_DIR; };
		BE22F8D22CC7B8BA0074D967 /* Rick_MortyUITests.swift */ = {isa = PBXFileReference; lastKnownFileType = sourcecode.swift; path = Rick_MortyUITests.swift; sourceTree = "<group>"; };
		BE22F8D42CC7B8BA0074D967 /* Rick_MortyUITestsLaunchTests.swift */ = {isa = PBXFileReference; lastKnownFileType = sourcecode.swift; path = Rick_MortyUITestsLaunchTests.swift; sourceTree = "<group>"; };
		BE22F8E62CC7CF2E0074D967 /* Character.swift */ = {isa = PBXFileReference; lastKnownFileType = sourcecode.swift; path = Character.swift; sourceTree = "<group>"; };
		BE22F8E82CC7CF7B0074D967 /* CharactersViewModal.swift */ = {isa = PBXFileReference; lastKnownFileType = sourcecode.swift; path = CharactersViewModal.swift; sourceTree = "<group>"; };
		BE22F8EA2CC7CFB90074D967 /* AppCoordinator.swift */ = {isa = PBXFileReference; lastKnownFileType = sourcecode.swift; path = AppCoordinator.swift; sourceTree = "<group>"; };
		BE22F8EC2CC7D6710074D967 /* CharactersListView.swift */ = {isa = PBXFileReference; lastKnownFileType = sourcecode.swift; path = CharactersListView.swift; sourceTree = "<group>"; };
		BE22F8EE2CC7D6910074D967 /* CharacterDetailView.swift */ = {isa = PBXFileReference; lastKnownFileType = sourcecode.swift; path = CharacterDetailView.swift; sourceTree = "<group>"; };
		BE22F8F02CC7D7300074D967 /* CoordinatorView.swift */ = {isa = PBXFileReference; lastKnownFileType = sourcecode.swift; path = CoordinatorView.swift; sourceTree = "<group>"; };
		BE22F8F22CC819370074D967 /* Network.swift */ = {isa = PBXFileReference; fileEncoding = 4; lastKnownFileType = sourcecode.swift; path = Network.swift; sourceTree = "<group>"; };
		BE22F8F32CC819370074D967 /* NetworkError.swift */ = {isa = PBXFileReference; fileEncoding = 4; lastKnownFileType = sourcecode.swift; path = NetworkError.swift; sourceTree = "<group>"; };
		BE22F8F82CC819410074D967 /* ResponseHandler.swift */ = {isa = PBXFileReference; fileEncoding = 4; lastKnownFileType = sourcecode.swift; path = ResponseHandler.swift; sourceTree = "<group>"; };
		BE22F8FC2CC82BB30074D967 /* CharacterService.swift */ = {isa = PBXFileReference; lastKnownFileType = sourcecode.swift; path = CharacterService.swift; sourceTree = "<group>"; };
		BE22F9002CC834C20074D967 /* ServiceResponse.swift */ = {isa = PBXFileReference; lastKnownFileType = sourcecode.swift; path = ServiceResponse.swift; sourceTree = "<group>"; };
		BE22F9022CC8EA4A0074D967 /* CharacterRowView.swift */ = {isa = PBXFileReference; lastKnownFileType = sourcecode.swift; path = CharacterRowView.swift; sourceTree = "<group>"; };
		BE22F9052CC9146E0074D967 /* RequestConstants.swift */ = {isa = PBXFileReference; lastKnownFileType = sourcecode.swift; path = RequestConstants.swift; sourceTree = "<group>"; };
		BE22F9072CC91CC60074D967 /* LoadingView.swift */ = {isa = PBXFileReference; lastKnownFileType = sourcecode.swift; path = LoadingView.swift; sourceTree = "<group>"; };
		BE22F90A2CC91D010074D967 /* ErrorView.swift */ = {isa = PBXFileReference; lastKnownFileType = sourcecode.swift; path = ErrorView.swift; sourceTree = "<group>"; };
/* End PBXFileReference section */

/* Begin PBXFrameworksBuildPhase section */
		BE22F8B12CC7B8B80074D967 /* Frameworks */ = {
			isa = PBXFrameworksBuildPhase;
			buildActionMask = 2147483647;
			files = (
			);
			runOnlyForDeploymentPostprocessing = 0;
		};
		BE22F8C12CC7B8B90074D967 /* Frameworks */ = {
			isa = PBXFrameworksBuildPhase;
			buildActionMask = 2147483647;
			files = (
			);
			runOnlyForDeploymentPostprocessing = 0;
		};
		BE22F8CB2CC7B8BA0074D967 /* Frameworks */ = {
			isa = PBXFrameworksBuildPhase;
			buildActionMask = 2147483647;
			files = (
			);
			runOnlyForDeploymentPostprocessing = 0;
		};
/* End PBXFrameworksBuildPhase section */

/* Begin PBXGroup section */
		BE22F8AB2CC7B8B80074D967 = {
			isa = PBXGroup;
			children = (
				BE22F8B62CC7B8B80074D967 /* Rick&Morty */,
				BE22F8C72CC7B8B90074D967 /* Rick&MortyTests */,
				BE22F8D12CC7B8BA0074D967 /* Rick&MortyUITests */,
				BE22F8B52CC7B8B80074D967 /* Products */,
			);
			sourceTree = "<group>";
		};
		BE22F8B52CC7B8B80074D967 /* Products */ = {
			isa = PBXGroup;
			children = (
				BE22F8B42CC7B8B80074D967 /* Rick&Morty.app */,
				BE22F8C42CC7B8B90074D967 /* Rick&MortyTests.xctest */,
				BE22F8CE2CC7B8BA0074D967 /* Rick&MortyUITests.xctest */,
			);
			name = Products;
			sourceTree = "<group>";
		};
		BE22F8B62CC7B8B80074D967 /* Rick&Morty */ = {
			isa = PBXGroup;
			children = (
				BE22F8F42CC819370074D967 /* Network */,
				BE22F8E42CC7CC2D0074D967 /* Service */,
				BE22F8E12CC7CBFF0074D967 /* Model */,
				BE22F8E32CC7CC0E0074D967 /* ViewModal */,
				BE22F8E52CC7CEE90074D967 /* Coordinator */,
				BE22F8E22CC7CC060074D967 /* View */,
				BE22F8B72CC7B8B80074D967 /* Rick_MortyApp.swift */,
				BE22F8BB2CC7B8B90074D967 /* Assets.xcassets */,
				BE22F8BD2CC7B8B90074D967 /* Preview Content */,
			);
			path = "Rick&Morty";
			sourceTree = "<group>";
		};
		BE22F8BD2CC7B8B90074D967 /* Preview Content */ = {
			isa = PBXGroup;
			children = (
				BE22F8BE2CC7B8B90074D967 /* Preview Assets.xcassets */,
			);
			path = "Preview Content";
			sourceTree = "<group>";
		};
		BE22F8C72CC7B8B90074D967 /* Rick&MortyTests */ = {
			isa = PBXGroup;
			children = (
				BE22F8C82CC7B8B90074D967 /* Rick_MortyTests.swift */,
			);
			path = "Rick&MortyTests";
			sourceTree = "<group>";
		};
		BE22F8D12CC7B8BA0074D967 /* Rick&MortyUITests */ = {
			isa = PBXGroup;
			children = (
				BE22F8D22CC7B8BA0074D967 /* Rick_MortyUITests.swift */,
				BE22F8D42CC7B8BA0074D967 /* Rick_MortyUITestsLaunchTests.swift */,
			);
			path = "Rick&MortyUITests";
			sourceTree = "<group>";
		};
		BE22F8E12CC7CBFF0074D967 /* Model */ = {
			isa = PBXGroup;
			children = (
				BE22F8E62CC7CF2E0074D967 /* Character.swift */,
				BE22F9002CC834C20074D967 /* ServiceResponse.swift */,
			);
			path = Model;
			sourceTree = "<group>";
		};
		BE22F8E22CC7CC060074D967 /* View */ = {
			isa = PBXGroup;
			children = (
				BE22F9092CC91CD70074D967 /* Common */,
				BE22F8F02CC7D7300074D967 /* CoordinatorView.swift */,
				BE22F9022CC8EA4A0074D967 /* CharacterRowView.swift */,
				BE22F8EC2CC7D6710074D967 /* CharactersListView.swift */,
				BE22F8EE2CC7D6910074D967 /* CharacterDetailView.swift */,
			);
			path = View;
			sourceTree = "<group>";
		};
		BE22F8E32CC7CC0E0074D967 /* ViewModal */ = {
			isa = PBXGroup;
			children = (
				BE22F8E82CC7CF7B0074D967 /* CharactersViewModal.swift */,
			);
			path = ViewModal;
			sourceTree = "<group>";
		};
		BE22F8E42CC7CC2D0074D967 /* Service */ = {
			isa = PBXGroup;
			children = (
				BE22F8FC2CC82BB30074D967 /* CharacterService.swift */,
			);
			path = Service;
			sourceTree = "<group>";
		};
		BE22F8E52CC7CEE90074D967 /* Coordinator */ = {
			isa = PBXGroup;
			children = (
				BE22F8EA2CC7CFB90074D967 /* AppCoordinator.swift */,
			);
			path = Coordinator;
			sourceTree = "<group>";
		};
		BE22F8F42CC819370074D967 /* Network */ = {
			isa = PBXGroup;
			children = (
				BE22F8F82CC819410074D967 /* ResponseHandler.swift */,
				BE22F8F22CC819370074D967 /* Network.swift */,
				BE22F8F32CC819370074D967 /* NetworkError.swift */,
				BE22F9042CC914580074D967 /* Request */,
			);
			path = Network;
			sourceTree = "<group>";
		};
		BE22F9042CC914580074D967 /* Request */ = {
			isa = PBXGroup;
			children = (
				BE22F9052CC9146E0074D967 /* RequestConstants.swift */,
			);
			path = Request;
			sourceTree = "<group>";
		};
		BE22F9092CC91CD70074D967 /* Common */ = {
			isa = PBXGroup;
			children = (
				BE22F9072CC91CC60074D967 /* LoadingView.swift */,
				BE22F90A2CC91D010074D967 /* ErrorView.swift */,
			);
			path = Common;
			sourceTree = "<group>";
		};
/* End PBXGroup section */

/* Begin PBXNativeTarget section */
		BE22F8B32CC7B8B80074D967 /* Rick&Morty */ = {
			isa = PBXNativeTarget;
			buildConfigurationList = BE22F8D82CC7B8BA0074D967 /* Build configuration list for PBXNativeTarget "Rick&Morty" */;
			buildPhases = (
				BE22F8B02CC7B8B80074D967 /* Sources */,
				BE22F8B12CC7B8B80074D967 /* Frameworks */,
				BE22F8B22CC7B8B80074D967 /* Resources */,
			);
			buildRules = (
			);
			dependencies = (
			);
			name = "Rick&Morty";
			productName = "Rick&Morty";
			productReference = BE22F8B42CC7B8B80074D967 /* Rick&Morty.app */;
			productType = "com.apple.product-type.application";
		};
		BE22F8C32CC7B8B90074D967 /* Rick&MortyTests */ = {
			isa = PBXNativeTarget;
			buildConfigurationList = BE22F8DB2CC7B8BA0074D967 /* Build configuration list for PBXNativeTarget "Rick&MortyTests" */;
			buildPhases = (
				BE22F8C02CC7B8B90074D967 /* Sources */,
				BE22F8C12CC7B8B90074D967 /* Frameworks */,
				BE22F8C22CC7B8B90074D967 /* Resources */,
			);
			buildRules = (
			);
			dependencies = (
				BE22F8C62CC7B8B90074D967 /* PBXTargetDependency */,
			);
			name = "Rick&MortyTests";
			productName = "Rick&MortyTests";
			productReference = BE22F8C42CC7B8B90074D967 /* Rick&MortyTests.xctest */;
			productType = "com.apple.product-type.bundle.unit-test";
		};
		BE22F8CD2CC7B8BA0074D967 /* Rick&MortyUITests */ = {
			isa = PBXNativeTarget;
			buildConfigurationList = BE22F8DE2CC7B8BA0074D967 /* Build configuration list for PBXNativeTarget "Rick&MortyUITests" */;
			buildPhases = (
				BE22F8CA2CC7B8BA0074D967 /* Sources */,
				BE22F8CB2CC7B8BA0074D967 /* Frameworks */,
				BE22F8CC2CC7B8BA0074D967 /* Resources */,
			);
			buildRules = (
			);
			dependencies = (
				BE22F8D02CC7B8BA0074D967 /* PBXTargetDependency */,
			);
			name = "Rick&MortyUITests";
			productName = "Rick&MortyUITests";
			productReference = BE22F8CE2CC7B8BA0074D967 /* Rick&MortyUITests.xctest */;
			productType = "com.apple.product-type.bundle.ui-testing";
		};
/* End PBXNativeTarget section */

/* Begin PBXProject section */
		BE22F8AC2CC7B8B80074D967 /* Project object */ = {
			isa = PBXProject;
			attributes = {
				BuildIndependentTargetsInParallel = 1;
				LastSwiftUpdateCheck = 1540;
				LastUpgradeCheck = 1540;
				TargetAttributes = {
					BE22F8B32CC7B8B80074D967 = {
						CreatedOnToolsVersion = 15.4;
					};
					BE22F8C32CC7B8B90074D967 = {
						CreatedOnToolsVersion = 15.4;
						TestTargetID = BE22F8B32CC7B8B80074D967;
					};
					BE22F8CD2CC7B8BA0074D967 = {
						CreatedOnToolsVersion = 15.4;
						TestTargetID = BE22F8B32CC7B8B80074D967;
					};
				};
			};
			buildConfigurationList = BE22F8AF2CC7B8B80074D967 /* Build configuration list for PBXProject "Rick&Morty" */;
			compatibilityVersion = "Xcode 14.0";
			developmentRegion = en;
			hasScannedForEncodings = 0;
			knownRegions = (
				en,
				Base,
			);
			mainGroup = BE22F8AB2CC7B8B80074D967;
			productRefGroup = BE22F8B52CC7B8B80074D967 /* Products */;
			projectDirPath = "";
			projectRoot = "";
			targets = (
				BE22F8B32CC7B8B80074D967 /* Rick&Morty */,
				BE22F8C32CC7B8B90074D967 /* Rick&MortyTests */,
				BE22F8CD2CC7B8BA0074D967 /* Rick&MortyUITests */,
			);
		};
/* End PBXProject section */

/* Begin PBXResourcesBuildPhase section */
		BE22F8B22CC7B8B80074D967 /* Resources */ = {
			isa = PBXResourcesBuildPhase;
			buildActionMask = 2147483647;
			files = (
				BE22F8BF2CC7B8B90074D967 /* Preview Assets.xcassets in Resources */,
				BE22F8BC2CC7B8B90074D967 /* Assets.xcassets in Resources */,
			);
			runOnlyForDeploymentPostprocessing = 0;
		};
		BE22F8C22CC7B8B90074D967 /* Resources */ = {
			isa = PBXResourcesBuildPhase;
			buildActionMask = 2147483647;
			files = (
			);
			runOnlyForDeploymentPostprocessing = 0;
		};
		BE22F8CC2CC7B8BA0074D967 /* Resources */ = {
			isa = PBXResourcesBuildPhase;
			buildActionMask = 2147483647;
			files = (
			);
			runOnlyForDeploymentPostprocessing = 0;
		};
/* End PBXResourcesBuildPhase section */

/* Begin PBXSourcesBuildPhase section */
		BE22F8B02CC7B8B80074D967 /* Sources */ = {
			isa = PBXSourcesBuildPhase;
			buildActionMask = 2147483647;
			files = (
				BE22F8E92CC7CF7B0074D967 /* CharactersViewModal.swift in Sources */,
				BE22F8E72CC7CF2E0074D967 /* Character.swift in Sources */,
				BE22F8F52CC819370074D967 /* Network.swift in Sources */,
				BE22F8FB2CC819410074D967 /* ResponseHandler.swift in Sources */,
				BE22F8ED2CC7D6710074D967 /* CharactersListView.swift in Sources */,
				BE22F8EF2CC7D6910074D967 /* CharacterDetailView.swift in Sources */,
				BE22F8FD2CC82BB30074D967 /* CharacterService.swift in Sources */,
				BE22F8EB2CC7CFB90074D967 /* AppCoordinator.swift in Sources */,
				BE22F9082CC91CC60074D967 /* LoadingView.swift in Sources */,
				BE22F8F62CC819370074D967 /* NetworkError.swift in Sources */,
				BE22F9012CC834C20074D967 /* ServiceResponse.swift in Sources */,
				BE22F8B82CC7B8B80074D967 /* Rick_MortyApp.swift in Sources */,
				BE22F9032CC8EA4A0074D967 /* CharacterRowView.swift in Sources */,
				BE22F8F12CC7D7300074D967 /* CoordinatorView.swift in Sources */,
				BE22F9062CC9146E0074D967 /* RequestConstants.swift in Sources */,
				BE22F90B2CC91D010074D967 /* ErrorView.swift in Sources */,
			);
			runOnlyForDeploymentPostprocessing = 0;
		};
		BE22F8C02CC7B8B90074D967 /* Sources */ = {
			isa = PBXSourcesBuildPhase;
			buildActionMask = 2147483647;
			files = (
				BE22F8C92CC7B8B90074D967 /* Rick_MortyTests.swift in Sources */,
			);
			runOnlyForDeploymentPostprocessing = 0;
		};
		BE22F8CA2CC7B8BA0074D967 /* Sources */ = {
			isa = PBXSourcesBuildPhase;
			buildActionMask = 2147483647;
			files = (
				BE22F8D32CC7B8BA0074D967 /* Rick_MortyUITests.swift in Sources */,
				BE22F8D52CC7B8BA0074D967 /* Rick_MortyUITestsLaunchTests.swift in Sources */,
			);
			runOnlyForDeploymentPostprocessing = 0;
		};
/* End PBXSourcesBuildPhase section */

/* Begin PBXTargetDependency section */
		BE22F8C62CC7B8B90074D967 /* PBXTargetDependency */ = {
			isa = PBXTargetDependency;
			target = BE22F8B32CC7B8B80074D967 /* Rick&Morty */;
			targetProxy = BE22F8C52CC7B8B90074D967 /* PBXContainerItemProxy */;
		};
		BE22F8D02CC7B8BA0074D967 /* PBXTargetDependency */ = {
			isa = PBXTargetDependency;
			target = BE22F8B32CC7B8B80074D967 /* Rick&Morty */;
			targetProxy = BE22F8CF2CC7B8BA0074D967 /* PBXContainerItemProxy */;
		};
/* End PBXTargetDependency section */

/* Begin XCBuildConfiguration section */
		BE22F8D62CC7B8BA0074D967 /* Debug */ = {
			isa = XCBuildConfiguration;
			buildSettings = {
				ALWAYS_SEARCH_USER_PATHS = NO;
				ASSETCATALOG_COMPILER_GENERATE_SWIFT_ASSET_SYMBOL_EXTENSIONS = YES;
				CLANG_ANALYZER_NONNULL = YES;
				CLANG_ANALYZER_NUMBER_OBJECT_CONVERSION = YES_AGGRESSIVE;
				CLANG_CXX_LANGUAGE_STANDARD = "gnu++20";
				CLANG_ENABLE_MODULES = YES;
				CLANG_ENABLE_OBJC_ARC = YES;
				CLANG_ENABLE_OBJC_WEAK = YES;
				CLANG_WARN_BLOCK_CAPTURE_AUTORELEASING = YES;
				CLANG_WARN_BOOL_CONVERSION = YES;
				CLANG_WARN_COMMA = YES;
				CLANG_WARN_CONSTANT_CONVERSION = YES;
				CLANG_WARN_DEPRECATED_OBJC_IMPLEMENTATIONS = YES;
				CLANG_WARN_DIRECT_OBJC_ISA_USAGE = YES_ERROR;
				CLANG_WARN_DOCUMENTATION_COMMENTS = YES;
				CLANG_WARN_EMPTY_BODY = YES;
				CLANG_WARN_ENUM_CONVERSION = YES;
				CLANG_WARN_INFINITE_RECURSION = YES;
				CLANG_WARN_INT_CONVERSION = YES;
				CLANG_WARN_NON_LITERAL_NULL_CONVERSION = YES;
				CLANG_WARN_OBJC_IMPLICIT_RETAIN_SELF = YES;
				CLANG_WARN_OBJC_LITERAL_CONVERSION = YES;
				CLANG_WARN_OBJC_ROOT_CLASS = YES_ERROR;
				CLANG_WARN_QUOTED_INCLUDE_IN_FRAMEWORK_HEADER = YES;
				CLANG_WARN_RANGE_LOOP_ANALYSIS = YES;
				CLANG_WARN_STRICT_PROTOTYPES = YES;
				CLANG_WARN_SUSPICIOUS_MOVE = YES;
				CLANG_WARN_UNGUARDED_AVAILABILITY = YES_AGGRESSIVE;
				CLANG_WARN_UNREACHABLE_CODE = YES;
				CLANG_WARN__DUPLICATE_METHOD_MATCH = YES;
				COPY_PHASE_STRIP = NO;
				DEBUG_INFORMATION_FORMAT = dwarf;
				ENABLE_STRICT_OBJC_MSGSEND = YES;
				ENABLE_TESTABILITY = YES;
				ENABLE_USER_SCRIPT_SANDBOXING = YES;
				GCC_C_LANGUAGE_STANDARD = gnu17;
				GCC_DYNAMIC_NO_PIC = NO;
				GCC_NO_COMMON_BLOCKS = YES;
				GCC_OPTIMIZATION_LEVEL = 0;
				GCC_PREPROCESSOR_DEFINITIONS = (
					"DEBUG=1",
					"$(inherited)",
				);
				GCC_WARN_64_TO_32_BIT_CONVERSION = YES;
				GCC_WARN_ABOUT_RETURN_TYPE = YES_ERROR;
				GCC_WARN_UNDECLARED_SELECTOR = YES;
				GCC_WARN_UNINITIALIZED_AUTOS = YES_AGGRESSIVE;
				GCC_WARN_UNUSED_FUNCTION = YES;
				GCC_WARN_UNUSED_VARIABLE = YES;
				IPHONEOS_DEPLOYMENT_TARGET = 17.5;
				LOCALIZATION_PREFERS_STRING_CATALOGS = YES;
				MTL_ENABLE_DEBUG_INFO = INCLUDE_SOURCE;
				MTL_FAST_MATH = YES;
				ONLY_ACTIVE_ARCH = YES;
				SDKROOT = iphoneos;
				SWIFT_ACTIVE_COMPILATION_CONDITIONS = "DEBUG $(inherited)";
				SWIFT_OPTIMIZATION_LEVEL = "-Onone";
			};
			name = Debug;
		};
		BE22F8D72CC7B8BA0074D967 /* Release */ = {
			isa = XCBuildConfiguration;
			buildSettings = {
				ALWAYS_SEARCH_USER_PATHS = NO;
				ASSETCATALOG_COMPILER_GENERATE_SWIFT_ASSET_SYMBOL_EXTENSIONS = YES;
				CLANG_ANALYZER_NONNULL = YES;
				CLANG_ANALYZER_NUMBER_OBJECT_CONVERSION = YES_AGGRESSIVE;
				CLANG_CXX_LANGUAGE_STANDARD = "gnu++20";
				CLANG_ENABLE_MODULES = YES;
				CLANG_ENABLE_OBJC_ARC = YES;
				CLANG_ENABLE_OBJC_WEAK = YES;
				CLANG_WARN_BLOCK_CAPTURE_AUTORELEASING = YES;
				CLANG_WARN_BOOL_CONVERSION = YES;
				CLANG_WARN_COMMA = YES;
				CLANG_WARN_CONSTANT_CONVERSION = YES;
				CLANG_WARN_DEPRECATED_OBJC_IMPLEMENTATIONS = YES;
				CLANG_WARN_DIRECT_OBJC_ISA_USAGE = YES_ERROR;
				CLANG_WARN_DOCUMENTATION_COMMENTS = YES;
				CLANG_WARN_EMPTY_BODY = YES;
				CLANG_WARN_ENUM_CONVERSION = YES;
				CLANG_WARN_INFINITE_RECURSION = YES;
				CLANG_WARN_INT_CONVERSION = YES;
				CLANG_WARN_NON_LITERAL_NULL_CONVERSION = YES;
				CLANG_WARN_OBJC_IMPLICIT_RETAIN_SELF = YES;
				CLANG_WARN_OBJC_LITERAL_CONVERSION = YES;
				CLANG_WARN_OBJC_ROOT_CLASS = YES_ERROR;
				CLANG_WARN_QUOTED_INCLUDE_IN_FRAMEWORK_HEADER = YES;
				CLANG_WARN_RANGE_LOOP_ANALYSIS = YES;
				CLANG_WARN_STRICT_PROTOTYPES = YES;
				CLANG_WARN_SUSPICIOUS_MOVE = YES;
				CLANG_WARN_UNGUARDED_AVAILABILITY = YES_AGGRESSIVE;
				CLANG_WARN_UNREACHABLE_CODE = YES;
				CLANG_WARN__DUPLICATE_METHOD_MATCH = YES;
				COPY_PHASE_STRIP = NO;
				DEBUG_INFORMATION_FORMAT = "dwarf-with-dsym";
				ENABLE_NS_ASSERTIONS = NO;
				ENABLE_STRICT_OBJC_MSGSEND = YES;
				ENABLE_USER_SCRIPT_SANDBOXING = YES;
				GCC_C_LANGUAGE_STANDARD = gnu17;
				GCC_NO_COMMON_BLOCKS = YES;
				GCC_WARN_64_TO_32_BIT_CONVERSION = YES;
				GCC_WARN_ABOUT_RETURN_TYPE = YES_ERROR;
				GCC_WARN_UNDECLARED_SELECTOR = YES;
				GCC_WARN_UNINITIALIZED_AUTOS = YES_AGGRESSIVE;
				GCC_WARN_UNUSED_FUNCTION = YES;
				GCC_WARN_UNUSED_VARIABLE = YES;
				IPHONEOS_DEPLOYMENT_TARGET = 17.5;
				LOCALIZATION_PREFERS_STRING_CATALOGS = YES;
				MTL_ENABLE_DEBUG_INFO = NO;
				MTL_FAST_MATH = YES;
				SDKROOT = iphoneos;
				SWIFT_COMPILATION_MODE = wholemodule;
				VALIDATE_PRODUCT = YES;
			};
			name = Release;
		};
		BE22F8D92CC7B8BA0074D967 /* Debug */ = {
			isa = XCBuildConfiguration;
			buildSettings = {
				ASSETCATALOG_COMPILER_APPICON_NAME = AppIcon;
				ASSETCATALOG_COMPILER_GLOBAL_ACCENT_COLOR_NAME = AccentColor;
				CODE_SIGN_STYLE = Automatic;
				CURRENT_PROJECT_VERSION = 1;
				DEVELOPMENT_ASSET_PATHS = "\"Rick&Morty/Preview Content\"";
				DEVELOPMENT_TEAM = BSKM5XY794;
				ENABLE_PREVIEWS = YES;
				GENERATE_INFOPLIST_FILE = YES;
				INFOPLIST_KEY_UIApplicationSceneManifest_Generation = YES;
				INFOPLIST_KEY_UIApplicationSupportsIndirectInputEvents = YES;
				INFOPLIST_KEY_UILaunchScreen_Generation = YES;
				INFOPLIST_KEY_UISupportedInterfaceOrientations_iPad = "UIInterfaceOrientationPortrait UIInterfaceOrientationPortraitUpsideDown UIInterfaceOrientationLandscapeLeft UIInterfaceOrientationLandscapeRight";
				INFOPLIST_KEY_UISupportedInterfaceOrientations_iPhone = "UIInterfaceOrientationPortrait UIInterfaceOrientationLandscapeLeft UIInterfaceOrientationLandscapeRight";
				LD_RUNPATH_SEARCH_PATHS = (
					"$(inherited)",
					"@executable_path/Frameworks",
				);
				MARKETING_VERSION = 1.0;
				PRODUCT_BUNDLE_IDENTIFIER = "irinadeeva.Rick-Morty";
				PRODUCT_NAME = "$(TARGET_NAME)";
				SUPPORTED_PLATFORMS = "iphoneos iphonesimulator";
				SUPPORTS_MACCATALYST = NO;
				SUPPORTS_MAC_DESIGNED_FOR_IPHONE_IPAD = NO;
				SUPPORTS_XR_DESIGNED_FOR_IPHONE_IPAD = NO;
				SWIFT_EMIT_LOC_STRINGS = YES;
				SWIFT_VERSION = 5.0;
				TARGETED_DEVICE_FAMILY = 1;
			};
			name = Debug;
		};
		BE22F8DA2CC7B8BA0074D967 /* Release */ = {
			isa = XCBuildConfiguration;
			buildSettings = {
				ASSETCATALOG_COMPILER_APPICON_NAME = AppIcon;
				ASSETCATALOG_COMPILER_GLOBAL_ACCENT_COLOR_NAME = AccentColor;
				CODE_SIGN_STYLE = Automatic;
				CURRENT_PROJECT_VERSION = 1;
				DEVELOPMENT_ASSET_PATHS = "\"Rick&Morty/Preview Content\"";
				DEVELOPMENT_TEAM = BSKM5XY794;
				ENABLE_PREVIEWS = YES;
				GENERATE_INFOPLIST_FILE = YES;
				INFOPLIST_KEY_UIApplicationSceneManifest_Generation = YES;
				INFOPLIST_KEY_UIApplicationSupportsIndirectInputEvents = YES;
				INFOPLIST_KEY_UILaunchScreen_Generation = YES;
				INFOPLIST_KEY_UISupportedInterfaceOrientations_iPad = "UIInterfaceOrientationPortrait UIInterfaceOrientationPortraitUpsideDown UIInterfaceOrientationLandscapeLeft UIInterfaceOrientationLandscapeRight";
				INFOPLIST_KEY_UISupportedInterfaceOrientations_iPhone = "UIInterfaceOrientationPortrait UIInterfaceOrientationLandscapeLeft UIInterfaceOrientationLandscapeRight";
				LD_RUNPATH_SEARCH_PATHS = (
					"$(inherited)",
					"@executable_path/Frameworks",
				);
				MARKETING_VERSION = 1.0;
				PRODUCT_BUNDLE_IDENTIFIER = "irinadeeva.Rick-Morty";
				PRODUCT_NAME = "$(TARGET_NAME)";
				SUPPORTED_PLATFORMS = "iphoneos iphonesimulator";
				SUPPORTS_MACCATALYST = NO;
				SUPPORTS_MAC_DESIGNED_FOR_IPHONE_IPAD = NO;
				SUPPORTS_XR_DESIGNED_FOR_IPHONE_IPAD = NO;
				SWIFT_EMIT_LOC_STRINGS = YES;
				SWIFT_VERSION = 5.0;
				TARGETED_DEVICE_FAMILY = 1;
			};
			name = Release;
		};
		BE22F8DC2CC7B8BA0074D967 /* Debug */ = {
			isa = XCBuildConfiguration;
			buildSettings = {
				ALWAYS_EMBED_SWIFT_STANDARD_LIBRARIES = YES;
				BUNDLE_LOADER = "$(TEST_HOST)";
				CODE_SIGN_STYLE = Automatic;
				CURRENT_PROJECT_VERSION = 1;
				DEVELOPMENT_TEAM = BSKM5XY794;
				GENERATE_INFOPLIST_FILE = YES;
				IPHONEOS_DEPLOYMENT_TARGET = 17.5;
				MARKETING_VERSION = 1.0;
				PRODUCT_BUNDLE_IDENTIFIER = "irinadeeva.Rick-MortyTests";
				PRODUCT_NAME = "$(TARGET_NAME)";
				SWIFT_EMIT_LOC_STRINGS = NO;
				SWIFT_VERSION = 5.0;
				TARGETED_DEVICE_FAMILY = "1,2";
				TEST_HOST = "$(BUILT_PRODUCTS_DIR)/Rick&Morty.app/$(BUNDLE_EXECUTABLE_FOLDER_PATH)/Rick&Morty";
			};
			name = Debug;
		};
		BE22F8DD2CC7B8BA0074D967 /* Release */ = {
			isa = XCBuildConfiguration;
			buildSettings = {
				ALWAYS_EMBED_SWIFT_STANDARD_LIBRARIES = YES;
				BUNDLE_LOADER = "$(TEST_HOST)";
				CODE_SIGN_STYLE = Automatic;
				CURRENT_PROJECT_VERSION = 1;
				DEVELOPMENT_TEAM = BSKM5XY794;
				GENERATE_INFOPLIST_FILE = YES;
				IPHONEOS_DEPLOYMENT_TARGET = 17.5;
				MARKETING_VERSION = 1.0;
				PRODUCT_BUNDLE_IDENTIFIER = "irinadeeva.Rick-MortyTests";
				PRODUCT_NAME = "$(TARGET_NAME)";
				SWIFT_EMIT_LOC_STRINGS = NO;
				SWIFT_VERSION = 5.0;
				TARGETED_DEVICE_FAMILY = "1,2";
				TEST_HOST = "$(BUILT_PRODUCTS_DIR)/Rick&Morty.app/$(BUNDLE_EXECUTABLE_FOLDER_PATH)/Rick&Morty";
			};
			name = Release;
		};
		BE22F8DF2CC7B8BA0074D967 /* Debug */ = {
			isa = XCBuildConfiguration;
			buildSettings = {
				ALWAYS_EMBED_SWIFT_STANDARD_LIBRARIES = YES;
				CODE_SIGN_STYLE = Automatic;
				CURRENT_PROJECT_VERSION = 1;
				DEVELOPMENT_TEAM = BSKM5XY794;
				GENERATE_INFOPLIST_FILE = YES;
				MARKETING_VERSION = 1.0;
				PRODUCT_BUNDLE_IDENTIFIER = "irinadeeva.Rick-MortyUITests";
				PRODUCT_NAME = "$(TARGET_NAME)";
				SWIFT_EMIT_LOC_STRINGS = NO;
				SWIFT_VERSION = 5.0;
				TARGETED_DEVICE_FAMILY = "1,2";
				TEST_TARGET_NAME = "Rick&Morty";
			};
			name = Debug;
		};
		BE22F8E02CC7B8BA0074D967 /* Release */ = {
			isa = XCBuildConfiguration;
			buildSettings = {
				ALWAYS_EMBED_SWIFT_STANDARD_LIBRARIES = YES;
				CODE_SIGN_STYLE = Automatic;
				CURRENT_PROJECT_VERSION = 1;
				DEVELOPMENT_TEAM = BSKM5XY794;
				GENERATE_INFOPLIST_FILE = YES;
				MARKETING_VERSION = 1.0;
				PRODUCT_BUNDLE_IDENTIFIER = "irinadeeva.Rick-MortyUITests";
				PRODUCT_NAME = "$(TARGET_NAME)";
				SWIFT_EMIT_LOC_STRINGS = NO;
				SWIFT_VERSION = 5.0;
				TARGETED_DEVICE_FAMILY = "1,2";
				TEST_TARGET_NAME = "Rick&Morty";
			};
			name = Release;
		};
/* End XCBuildConfiguration section */

/* Begin XCConfigurationList section */
		BE22F8AF2CC7B8B80074D967 /* Build configuration list for PBXProject "Rick&Morty" */ = {
			isa = XCConfigurationList;
			buildConfigurations = (
				BE22F8D62CC7B8BA0074D967 /* Debug */,
				BE22F8D72CC7B8BA0074D967 /* Release */,
			);
			defaultConfigurationIsVisible = 0;
			defaultConfigurationName = Release;
		};
		BE22F8D82CC7B8BA0074D967 /* Build configuration list for PBXNativeTarget "Rick&Morty" */ = {
			isa = XCConfigurationList;
			buildConfigurations = (
				BE22F8D92CC7B8BA0074D967 /* Debug */,
				BE22F8DA2CC7B8BA0074D967 /* Release */,
			);
			defaultConfigurationIsVisible = 0;
			defaultConfigurationName = Release;
		};
		BE22F8DB2CC7B8BA0074D967 /* Build configuration list for PBXNativeTarget "Rick&MortyTests" */ = {
			isa = XCConfigurationList;
			buildConfigurations = (
				BE22F8DC2CC7B8BA0074D967 /* Debug */,
				BE22F8DD2CC7B8BA0074D967 /* Release */,
			);
			defaultConfigurationIsVisible = 0;
			defaultConfigurationName = Release;
		};
		BE22F8DE2CC7B8BA0074D967 /* Build configuration list for PBXNativeTarget "Rick&MortyUITests" */ = {
			isa = XCConfigurationList;
			buildConfigurations = (
				BE22F8DF2CC7B8BA0074D967 /* Debug */,
				BE22F8E02CC7B8BA0074D967 /* Release */,
			);
			defaultConfigurationIsVisible = 0;
			defaultConfigurationName = Release;
		};
/* End XCConfigurationList section */
	};
	rootObject = BE22F8AC2CC7B8B80074D967 /* Project object */;
}
